PODS:
  - AppAuth (2.1.0):
    - AppAuth/Core (= 2.1.0)
    - AppAuth/ExternalUserAgent (= 2.1.0)
  - AppAuth/Core (2.1.0)
  - AppAuth/ExternalUserAgent (2.1.0):
    - AppAuth/Core
  - AppCheckCore (11.3.2):
    - GoogleUtilities/Environment (~> 8.0)
    - GoogleUtilities/UserDefaults (~> 8.0)
    - PromisesObjC (~> 2.4)
    - PromisesSwift (~> 2.4)
    - RecaptchaInterop (~> 101.0)
  - Flutter (1.0.0)
  - flutter_local_notifications (0.0.1):
    - Flutter
  - flutter_secure_storage_darwin (10.0.0):
    - Flutter
    - FlutterMacOS
  - flutter_timezone (0.0.1):
    - Flutter
  - google_sign_in_ios (0.0.1):
    - Flutter
    - FlutterMacOS
    - GoogleSignIn (~> 9.0)
    - GTMSessionFetcher (>= 3.4.0)
  - GoogleSignIn (9.2.0):
    - AppAuth (~> 2.1)
    - AppCheckCore (~> 11.0)
    - GTMAppAuth (~> 5.0)
    - GTMSessionFetcher/Core (~> 3.3)
  - GoogleUtilities/Environment (8.1.3):
    - GoogleUtilities/Privacy
  - GoogleUtilities/Logger (8.1.3):
    - GoogleUtilities/Environment
    - GoogleUtilities/Privacy
  - GoogleUtilities/Privacy (8.1.3)
  - GoogleUtilities/UserDefaults (8.1.3):
    - GoogleUtilities/Logger
    - GoogleUtilities/Privacy
  - GTMAppAuth (5.0.0):
    - AppAuth/Core (~> 2.0)
    - GTMSessionFetcher/Core (< 4.0, >= 3.3)
  - GTMSessionFetcher (3.5.0):
    - GTMSessionFetcher/Full (= 3.5.0)
  - GTMSessionFetcher/Core (3.5.0)
  - GTMSessionFetcher/Full (3.5.0):
    - GTMSessionFetcher/Core
  - package_info_plus (0.4.5):
    - Flutter
  - pdfium_flutter (0.1.5):
    - Flutter
    - FlutterMacOS
  - PromisesObjC (2.4.1)
  - PromisesSwift (2.4.1):
    - PromisesObjC (= 2.4.1)
  - RecaptchaInterop (101.0.0)
  - sensors_plus (0.0.1):
    - Flutter
  - Sentry/HybridSDK (8.58.4)
  - sentry_flutter (9.30.1):
    - Flutter
    - FlutterMacOS
    - Sentry/HybridSDK (= 8.58.4)
  - url_launcher_ios (0.0.1):
    - Flutter
  - workmanager_apple (0.0.1):
    - Flutter

DEPENDENCIES:
  - Flutter (from `Flutter`)
  - flutter_local_notifications (from `.symlinks/plugins/flutter_local_notifications/ios`)
  - flutter_secure_storage_darwin (from `.symlinks/plugins/flutter_secure_storage_darwin/darwin`)
  - flutter_timezone (from `.symlinks/plugins/flutter_timezone/ios`)
  - google_sign_in_ios (from `.symlinks/plugins/google_sign_in_ios/darwin`)
  - package_info_plus (from `.symlinks/plugins/package_info_plus/ios`)
  - pdfium_flutter (from `.symlinks/plugins/pdfium_flutter/darwin`)
  - sensors_plus (from `.symlinks/plugins/sensors_plus/ios`)
  - sentry_flutter (from `.symlinks/plugins/sentry_flutter/ios`)
  - url_launcher_ios (from `.symlinks/plugins/url_launcher_ios/ios`)
  - workmanager_apple (from `.symlinks/plugins/workmanager_apple/ios`)

SPEC REPOS:
  trunk:
    - AppAuth
    - AppCheckCore
    - GoogleSignIn
    - GoogleUtilities
    - GTMAppAuth
    - GTMSessionFetcher
    - PromisesObjC
    - PromisesSwift
    - RecaptchaInterop
    - Sentry

EXTERNAL SOURCES:
  Flutter:
    :path: Flutter
  flutter_local_notifications:
    :path: ".symlinks/plugins/flutter_local_notifications/ios"
  flutter_secure_storage_darwin:
    :path: ".symlinks/plugins/flutter_secure_storage_darwin/darwin"
  flutter_timezone:
    :path: ".symlinks/plugins/flutter_timezone/ios"
  google_sign_in_ios:
    :path: ".symlinks/plugins/google_sign_in_ios/darwin"
  package_info_plus:
    :path: ".symlinks/plugins/package_info_plus/ios"
  pdfium_flutter:
    :path: ".symlinks/plugins/pdfium_flutter/darwin"
  sensors_plus:
    :path: ".symlinks/plugins/sensors_plus/ios"
  sentry_flutter:
    :path: ".symlinks/plugins/sentry_flutter/ios"
  url_launcher_ios:
    :path: ".symlinks/plugins/url_launcher_ios/ios"
  workmanager_apple:
    :path: ".symlinks/plugins/workmanager_apple/ios"

SPEC CHECKSUMS:
  AppAuth: ef4da5a3fc2e10b90c09a0a94a9baeaedc0341d5
  AppCheckCore: be8fce5469f68d7f6a29aa94b25f097409ff7fdc
  Flutter: 71a624a5bc0c04062bf19101d501e466baf2fb47
  flutter_local_notifications: 643a3eda1ce1c0599413ca31672536d423dee214
  flutter_secure_storage_darwin: 46e401699982ee74142909676535e0f6a7321e58
  flutter_timezone: 7c838e17ffd4645d261e87037e5bebf6d38fe544
  google_sign_in_ios: d66ab4c862f03eb4b3cac147ba2d9d7e56ef03f7
  GoogleSignIn: e449a40a92e9f2eea56e98b5214d13725dc5a00a
  GoogleUtilities: 4e0c2ad9fa0d0d18b5c4df8bf57b461cba35b0bb
  GTMAppAuth: 217a876b249c3c585a54fd6f73e6b58c4f5c4238
  GTMSessionFetcher: 5aea5ba6bd522a239e236100971f10cb71b96ab6
  package_info_plus: af8e2ca6888548050f16fa2f1938db7b5a5df499
  pdfium_flutter: f29beeb612293cc42df95beee223a4925ce2458e
  PromisesObjC: 752c3227f599e3467650e47ea36f433eeb10c273
  PromisesSwift: 217dea0fd5d2ad65222a109c48698add13cc1c5b
  RecaptchaInterop: 11e0b637842dfb48308d242afc3f448062325aba
  sensors_plus: b70a93b69dafdabd26ce4ac3f4d0529ab9acc4ca
  Sentry: 5321d74bdd28d6f6f8beaa1ca06f1fdc746bff49
  sentry_flutter: c89c731736fabbbac53a4714df8ba0d21ba4100d
  url_launcher_ios: 7a95fa5b60cc718a708b8f2966718e93db0cef1b
  workmanager_apple: 1fc2a64e6a63ed3540fbb91b65f0c0d501881248

PODFILE CHECKSUM: ce2a4dd764e1c7aeed6a7cdc5e61d092b6dc6d32

COCOAPODS: 1.16.2
